
Microsoft Visual Studio Solution File, Format Version 12.00
# Visual Studio Version 17
VisualStudioVersion = 17.0.32112.339
MinimumVisualStudioVersion = 10.0.40219.1
Project("{9A19103F-16F7-4668-BE54-9A1E7A4F7556}") = "1_AnonimousMethods", "AnonimousMethods\1_AnonimousMethods.csproj", "{62F3D1F1-5B1F-47D9-A272-EEC7D2F5A516}"
EndProject
Project("{9A19103F-16F7-4668-BE54-9A1E7A4F7556}") = "2_AnonymMethAsArg", "AnonymMethAsArg\2_AnonymMethAsArg.csproj", "{B6EF06B9-8092-4828-A491-800EE18F11B9}"
EndProject
Project("{9A19103F-16F7-4668-BE54-9A1E7A4F7556}") = "3_AnonymAsResult", "AnonymAsResult\3_AnonymAsResult.csproj", "{C729C08E-F090-44A8-B994-153964A5593F}"
EndProject
Project("{9A19103F-16F7-4668-BE54-9A1E7A4F7556}") = "4_MoreAnonymAsResult", "MoreAnonymAsResult\4_MoreAnonymAsResult.csproj", "{18C27839-1C76-4E07-A8E9-996D20F1606B}"
EndProject
Global
	GlobalSection(SolutionConfigurationPlatforms) = preSolution
		Debug|Any CPU = Debug|Any CPU
		Release|Any CPU = Release|Any CPU
	EndGlobalSection
	GlobalSection(ProjectConfigurationPlatforms) = postSolution
		{62F3D1F1-5B1F-47D9-A272-EEC7D2F5A516}.Debug|Any CPU.ActiveCfg = Debug|Any CPU
		{62F3D1F1-5B1F-47D9-A272-EEC7D2F5A516}.Debug|Any CPU.Build.0 = Debug|Any CPU
		{62F3D1F1-5B1F-47D9-A272-EEC7D2F5A516}.Release|Any CPU.ActiveCfg = Release|Any CPU
		{62F3D1F1-5B1F-47D9-A272-EEC7D2F5A516}.Release|Any CPU.Build.0 = Release|Any CPU
		{B6EF06B9-8092-4828-A491-800EE18F11B9}.Debug|Any CPU.ActiveCfg = Debug|Any CPU
		{B6EF06B9-8092-4828-A491-800EE18F11B9}.Debug|Any CPU.Build.0 = Debug|Any CPU
		{B6EF06B9-8092-4828-A491-800EE18F11B9}.Release|Any CPU.ActiveCfg = Release|Any CPU
		{B6EF06B9-8092-4828-A491-800EE18F11B9}.Release|Any CPU.Build.0 = Release|Any CPU
		{C729C08E-F090-44A8-B994-153964A5593F}.Debug|Any CPU.ActiveCfg = Debug|Any CPU
		{C729C08E-F090-44A8-B994-153964A5593F}.Debug|Any CPU.Build.0 = Debug|Any CPU
		{C729C08E-F090-44A8-B994-153964A5593F}.Release|Any CPU.ActiveCfg = Release|Any CPU
		{C729C08E-F090-44A8-B994-153964A5593F}.Release|Any CPU.Build.0 = Release|Any CPU
		{18C27839-1C76-4E07-A8E9-996D20F1606B}.Debug|Any CPU.ActiveCfg = Debug|Any CPU
		{18C27839-1C76-4E07-A8E9-996D20F1606B}.Debug|Any CPU.Build.0 = Debug|Any CPU
		{18C27839-1C76-4E07-A8E9-996D20F1606B}.Release|Any CPU.ActiveCfg = Release|Any CPU
		{18C27839-1C76-4E07-A8E9-996D20F1606B}.Release|Any CPU.Build.0 = Release|Any CPU
	EndGlobalSection
	GlobalSection(SolutionProperties) = preSolution
		HideSolutionNode = FALSE
	EndGlobalSection
	GlobalSection(ExtensibilityGlobals) = postSolution
		SolutionGuid = {F6DD6B21-60FD-4B61-9950-09ECCC0D867E}
	EndGlobalSection
EndGlobal
